
Microsoft Visual Studio Solution File, Format Version 12.00
# Visual Studio Version 17
VisualStudioVersion = 17.2.32519.379
MinimumVisualStudioVersion = 10.0.40219.1
Project("{FAE04EC0-301F-11D3-BF4B-00C04F79EFBC}") = "JokesWebApp", "JokesWebApp\JokesWebApp.csproj", "{DA69A94D-09D7-41C0-9E62-32E44C5AE66D}"
EndProject
Global
	GlobalSection(SolutionConfigurationPlatforms) = preSolution
		Debug|Any CPU = Debug|Any CPU
		Release|Any CPU = Release|Any CPU
	EndGlobalSection
	GlobalSection(ProjectConfigurationPlatforms) = postSolution
		{DA69A94D-09D7-41C0-9E62-32E44C5AE66D}.Debug|Any CPU.ActiveCfg = Debug|Any CPU
		{DA69A94D-09D7-41C0-9E62-32E44C5AE66D}.Debug|Any CPU.Build.0 = Debug|Any CPU
		{DA69A94D-09D7-41C0-9E62-32E44C5AE66D}.Release|Any CPU.ActiveCfg = Release|Any CPU
		{DA69A94D-09D7-41C0-9E62-32E44C5AE66D}.Release|Any CPU.Build.0 = Release|Any CPU
	EndGlobalSection
	GlobalSection(SolutionProperties) = preSolution
		HideSolutionNode = FALSE
	EndGlobalSection
	GlobalSection(ExtensibilityGlobals) = postSolution
		SolutionGuid = {EFC13948-D537-4E0A-9BF2-88E0281D5B4B}
	EndGlobalSection
EndGlobal
